
Microsoft Visual Studio Solution File, Format Version 12.00
# Visual Studio Version 16
VisualStudioVersion = 16.0.30406.217
MinimumVisualStudioVersion = 10.0.40219.1
Project("{FAE04EC0-301F-11D3-BF4B-00C04F79EFBC}") = "Turoring_web", "Turoring_web\Turoring_web.csproj", "{FA62BEEB-97B7-4405-BF64-890A3EB28029}"
EndProject
Global
	GlobalSection(SolutionConfigurationPlatforms) = preSolution
		Debug|Any CPU = Debug|Any CPU
		Release|Any CPU = Release|Any CPU
	EndGlobalSection
	GlobalSection(ProjectConfigurationPlatforms) = postSolution
		{FA62BEEB-97B7-4405-BF64-890A3EB28029}.Debug|Any CPU.ActiveCfg = Debug|Any CPU
		{FA62BEEB-97B7-4405-BF64-890A3EB28029}.Debug|Any CPU.Build.0 = Debug|Any CPU
		{FA62BEEB-97B7-4405-BF64-890A3EB28029}.Release|Any CPU.ActiveCfg = Release|Any CPU
		{FA62BEEB-97B7-4405-BF64-890A3EB28029}.Release|Any CPU.Build.0 = Release|Any CPU
	EndGlobalSection
	GlobalSection(SolutionProperties) = preSolution
		HideSolutionNode = FALSE
	EndGlobalSection
	GlobalSection(ExtensibilityGlobals) = postSolution
		SolutionGuid = {8088497B-6FE8-4301-8BE4-B3EFDAB48267}
	EndGlobalSection
EndGlobal
